
Microsoft Visual Studio Solution File, Format Version 12.00
# Visual Studio 14
VisualStudioVersion = 14.0.25420.1
MinimumVisualStudioVersion = 10.0.40219.1
Project("{FAE04EC0-301F-11D3-BF4B-00C04F79EFBC}") = "Engine", "Game\Engine.csproj", "{9A37B65C-F73E-46A9-8B57-483B3B94920A}"
EndProject
Project("{FAE04EC0-301F-11D3-BF4B-00C04F79EFBC}") = "MyServer", "MyServer\MyServer.csproj", "{5C172AA7-5FD3-4883-B704-EB67F65A8A6F}"
EndProject
Project("{FAE04EC0-301F-11D3-BF4B-00C04F79EFBC}") = "MyClient", "MyClient\MyClient.csproj", "{556E40F9-F2E3-419F-BFB8-97C1AF717B78}"
EndProject
Project("{FAE04EC0-301F-11D3-BF4B-00C04F79EFBC}") = "Metaserver", "Metaserver\Metaserver.csproj", "{537DFF9A-0727-4A48-8373-06FA21D885E1}"
EndProject
Project("{FAE04EC0-301F-11D3-BF4B-00C04F79EFBC}") = "MetaserverTest", "MetaserverTest\MetaserverTest.csproj", "{0EC33F73-87BF-42F6-8313-E18B8C056A08}"
EndProject
Project("{FAE04EC0-301F-11D3-BF4B-00C04F79EFBC}") = "EngineTest", "EngineTest\EngineTest.csproj", "{395BE666-DD8E-4DCD-A554-7B6F5BF53843}"
EndProject
Project("{FAE04EC0-301F-11D3-BF4B-00C04F79EFBC}") = "DemoGame", "DemoGame\DemoGame.csproj", "{1EBF1FDD-C285-40B0-B8BC-099BE96642F5}"
EndProject
Global
	GlobalSection(SolutionConfigurationPlatforms) = preSolution
		Debug|Any CPU = Debug|Any CPU
		Debug|Mixed Platforms = Debug|Mixed Platforms
		Debug|Windows Phone = Debug|Windows Phone
		Debug|x86 = Debug|x86
		Release|Any CPU = Release|Any CPU
		Release|Mixed Platforms = Release|Mixed Platforms
		Release|Windows Phone = Release|Windows Phone
		Release|x86 = Release|x86
	EndGlobalSection
	GlobalSection(ProjectConfigurationPlatforms) = postSolution
		{9A37B65C-F73E-46A9-8B57-483B3B94920A}.Debug|Any CPU.ActiveCfg = Debug|x86
		{9A37B65C-F73E-46A9-8B57-483B3B94920A}.Debug|Mixed Platforms.ActiveCfg = Debug|x86
		{9A37B65C-F73E-46A9-8B57-483B3B94920A}.Debug|Mixed Platforms.Build.0 = Debug|x86
		{9A37B65C-F73E-46A9-8B57-483B3B94920A}.Debug|Windows Phone.ActiveCfg = Debug|x86
		{9A37B65C-F73E-46A9-8B57-483B3B94920A}.Debug|x86.ActiveCfg = Debug|x86
		{9A37B65C-F73E-46A9-8B57-483B3B94920A}.Debug|x86.Build.0 = Debug|x86
		{9A37B65C-F73E-46A9-8B57-483B3B94920A}.Release|Any CPU.ActiveCfg = Release|x86
		{9A37B65C-F73E-46A9-8B57-483B3B94920A}.Release|Mixed Platforms.ActiveCfg = Release|x86
		{9A37B65C-F73E-46A9-8B57-483B3B94920A}.Release|Mixed Platforms.Build.0 = Release|x86
		{9A37B65C-F73E-46A9-8B57-483B3B94920A}.Release|Windows Phone.ActiveCfg = Release|x86
		{9A37B65C-F73E-46A9-8B57-483B3B94920A}.Release|x86.ActiveCfg = Release|x86
		{9A37B65C-F73E-46A9-8B57-483B3B94920A}.Release|x86.Build.0 = Release|x86
		{5C172AA7-5FD3-4883-B704-EB67F65A8A6F}.Debug|Any CPU.ActiveCfg = Debug|x86
		{5C172AA7-5FD3-4883-B704-EB67F65A8A6F}.Debug|Mixed Platforms.ActiveCfg = Debug|x86
		{5C172AA7-5FD3-4883-B704-EB67F65A8A6F}.Debug|Mixed Platforms.Build.0 = Debug|x86
		{5C172AA7-5FD3-4883-B704-EB67F65A8A6F}.Debug|Windows Phone.ActiveCfg = Debug|x86
		{5C172AA7-5FD3-4883-B704-EB67F65A8A6F}.Debug|x86.ActiveCfg = Debug|x86
		{5C172AA7-5FD3-4883-B704-EB67F65A8A6F}.Debug|x86.Build.0 = Debug|x86
		{5C172AA7-5FD3-4883-B704-EB67F65A8A6F}.Release|Any CPU.ActiveCfg = Release|x86
		{5C172AA7-5FD3-4883-B704-EB67F65A8A6F}.Release|Mixed Platforms.ActiveCfg = Release|x86
		{5C172AA7-5FD3-4883-B704-EB67F65A8A6F}.Release|Mixed Platforms.Build.0 = Release|x86
		{5C172AA7-5FD3-4883-B704-EB67F65A8A6F}.Release|Windows Phone.ActiveCfg = Release|x86
		{5C172AA7-5FD3-4883-B704-EB67F65A8A6F}.Release|x86.ActiveCfg = Release|x86
		{5C172AA7-5FD3-4883-B704-EB67F65A8A6F}.Release|x86.Build.0 = Release|x86
		{556E40F9-F2E3-419F-BFB8-97C1AF717B78}.Debug|Any CPU.ActiveCfg = Debug|x86
		{556E40F9-F2E3-419F-BFB8-97C1AF717B78}.Debug|Mixed Platforms.ActiveCfg = Debug|x86
		{556E40F9-F2E3-419F-BFB8-97C1AF717B78}.Debug|Mixed Platforms.Build.0 = Debug|x86
		{556E40F9-F2E3-419F-BFB8-97C1AF717B78}.Debug|Windows Phone.ActiveCfg = Debug|x86
		{556E40F9-F2E3-419F-BFB8-97C1AF717B78}.Debug|x86.ActiveCfg = Debug|x86
		{556E40F9-F2E3-419F-BFB8-97C1AF717B78}.Debug|x86.Build.0 = Debug|x86
		{556E40F9-F2E3-419F-BFB8-97C1AF717B78}.Release|Any CPU.ActiveCfg = Release|x86
		{556E40F9-F2E3-419F-BFB8-97C1AF717B78}.Release|Mixed Platforms.ActiveCfg = Release|x86
		{556E40F9-F2E3-419F-BFB8-97C1AF717B78}.Release|Mixed Platforms.Build.0 = Release|x86
		{556E40F9-F2E3-419F-BFB8-97C1AF717B78}.Release|Windows Phone.ActiveCfg = Release|x86
		{556E40F9-F2E3-419F-BFB8-97C1AF717B78}.Release|x86.ActiveCfg = Release|x86
		{556E40F9-F2E3-419F-BFB8-97C1AF717B78}.Release|x86.Build.0 = Release|x86
		{537DFF9A-0727-4A48-8373-06FA21D885E1}.Debug|Any CPU.ActiveCfg = Debug|Any CPU
		{537DFF9A-0727-4A48-8373-06FA21D885E1}.Debug|Any CPU.Build.0 = Debug|Any CPU
		{537DFF9A-0727-4A48-8373-06FA21D885E1}.Debug|Mixed Platforms.ActiveCfg = Debug|Any CPU
		{537DFF9A-0727-4A48-8373-06FA21D885E1}.Debug|Mixed Platforms.Build.0 = Debug|Any CPU
		{537DFF9A-0727-4A48-8373-06FA21D885E1}.Debug|Windows Phone.ActiveCfg = Debug|Any CPU
		{537DFF9A-0727-4A48-8373-06FA21D885E1}.Debug|x86.ActiveCfg = Debug|Any CPU
		{537DFF9A-0727-4A48-8373-06FA21D885E1}.Release|Any CPU.ActiveCfg = Release|Any CPU
		{537DFF9A-0727-4A48-8373-06FA21D885E1}.Release|Any CPU.Build.0 = Release|Any CPU
		{537DFF9A-0727-4A48-8373-06FA21D885E1}.Release|Mixed Platforms.ActiveCfg = Release|Any CPU
		{537DFF9A-0727-4A48-8373-06FA21D885E1}.Release|Mixed Platforms.Build.0 = Release|Any CPU
		{537DFF9A-0727-4A48-8373-06FA21D885E1}.Release|Windows Phone.ActiveCfg = Release|Any CPU
		{537DFF9A-0727-4A48-8373-06FA21D885E1}.Release|x86.ActiveCfg = Release|Any CPU
		{0EC33F73-87BF-42F6-8313-E18B8C056A08}.Debug|Any CPU.ActiveCfg = Debug|Any CPU
		{0EC33F73-87BF-42F6-8313-E18B8C056A08}.Debug|Any CPU.Build.0 = Debug|Any CPU
		{0EC33F73-87BF-42F6-8313-E18B8C056A08}.Debug|Mixed Platforms.ActiveCfg = Debug|Any CPU
		{0EC33F73-87BF-42F6-8313-E18B8C056A08}.Debug|Mixed Platforms.Build.0 = Debug|Any CPU
		{0EC33F73-87BF-42F6-8313-E18B8C056A08}.Debug|Windows Phone.ActiveCfg = Debug|Any CPU
		{0EC33F73-87BF-42F6-8313-E18B8C056A08}.Debug|x86.ActiveCfg = Debug|Any CPU
		{0EC33F73-87BF-42F6-8313-E18B8C056A08}.Release|Any CPU.ActiveCfg = Release|Any CPU
		{0EC33F73-87BF-42F6-8313-E18B8C056A08}.Release|Any CPU.Build.0 = Release|Any CPU
		{0EC33F73-87BF-42F6-8313-E18B8C056A08}.Release|Mixed Platforms.ActiveCfg = Release|Any CPU
		{0EC33F73-87BF-42F6-8313-E18B8C056A08}.Release|Mixed Platforms.Build.0 = Release|Any CPU
		{0EC33F73-87BF-42F6-8313-E18B8C056A08}.Release|Windows Phone.ActiveCfg = Release|Any CPU
		{0EC33F73-87BF-42F6-8313-E18B8C056A08}.Release|x86.ActiveCfg = Release|Any CPU
		{395BE666-DD8E-4DCD-A554-7B6F5BF53843}.Debug|Any CPU.ActiveCfg = Debug|Any CPU
		{395BE666-DD8E-4DCD-A554-7B6F5BF53843}.Debug|Any CPU.Build.0 = Debug|Any CPU
		{395BE666-DD8E-4DCD-A554-7B6F5BF53843}.Debug|Mixed Platforms.ActiveCfg = Debug|Any CPU
		{395BE666-DD8E-4DCD-A554-7B6F5BF53843}.Debug|Mixed Platforms.Build.0 = Debug|Any CPU
		{395BE666-DD8E-4DCD-A554-7B6F5BF53843}.Debug|Windows Phone.ActiveCfg = Debug|Any CPU
		{395BE666-DD8E-4DCD-A554-7B6F5BF53843}.Debug|Windows Phone.Build.0 = Debug|Any CPU
		{395BE666-DD8E-4DCD-A554-7B6F5BF53843}.Debug|x86.ActiveCfg = Debug|Any CPU
		{395BE666-DD8E-4DCD-A554-7B6F5BF53843}.Debug|x86.Build.0 = Debug|Any CPU
		{395BE666-DD8E-4DCD-A554-7B6F5BF53843}.Release|Any CPU.ActiveCfg = Release|Any CPU
		{395BE666-DD8E-4DCD-A554-7B6F5BF53843}.Release|Any CPU.Build.0 = Release|Any CPU
		{395BE666-DD8E-4DCD-A554-7B6F5BF53843}.Release|Mixed Platforms.ActiveCfg = Release|Any CPU
		{395BE666-DD8E-4DCD-A554-7B6F5BF53843}.Release|Mixed Platforms.Build.0 = Release|Any CPU
		{395BE666-DD8E-4DCD-A554-7B6F5BF53843}.Release|Windows Phone.ActiveCfg = Release|Any CPU
		{395BE666-DD8E-4DCD-A554-7B6F5BF53843}.Release|Windows Phone.Build.0 = Release|Any CPU
		{395BE666-DD8E-4DCD-A554-7B6F5BF53843}.Release|x86.ActiveCfg = Release|Any CPU
		{395BE666-DD8E-4DCD-A554-7B6F5BF53843}.Release|x86.Build.0 = Release|Any CPU
		{1EBF1FDD-C285-40B0-B8BC-099BE96642F5}.Debug|Any CPU.ActiveCfg = Debug|Any CPU
		{1EBF1FDD-C285-40B0-B8BC-099BE96642F5}.Debug|Any CPU.Build.0 = Debug|Any CPU
		{1EBF1FDD-C285-40B0-B8BC-099BE96642F5}.Debug|Mixed Platforms.ActiveCfg = Debug|Any CPU
		{1EBF1FDD-C285-40B0-B8BC-099BE96642F5}.Debug|Mixed Platforms.Build.0 = Debug|Any CPU
		{1EBF1FDD-C285-40B0-B8BC-099BE96642F5}.Debug|Windows Phone.ActiveCfg = Debug|Any CPU
		{1EBF1FDD-C285-40B0-B8BC-099BE96642F5}.Debug|Windows Phone.Build.0 = Debug|Any CPU
		{1EBF1FDD-C285-40B0-B8BC-099BE96642F5}.Debug|x86.ActiveCfg = Debug|Any CPU
		{1EBF1FDD-C285-40B0-B8BC-099BE96642F5}.Debug|x86.Build.0 = Debug|Any CPU
		{1EBF1FDD-C285-40B0-B8BC-099BE96642F5}.Release|Any CPU.ActiveCfg = Release|Any CPU
		{1EBF1FDD-C285-40B0-B8BC-099BE96642F5}.Release|Any CPU.Build.0 = Release|Any CPU
		{1EBF1FDD-C285-40B0-B8BC-099BE96642F5}.Release|Mixed Platforms.ActiveCfg = Release|Any CPU
		{1EBF1FDD-C285-40B0-B8BC-099BE96642F5}.Release|Mixed Platforms.Build.0 = Release|Any CPU
		{1EBF1FDD-C285-40B0-B8BC-099BE96642F5}.Release|Windows Phone.ActiveCfg = Release|Any CPU
		{1EBF1FDD-C285-40B0-B8BC-099BE96642F5}.Release|Windows Phone.Build.0 = Release|Any CPU
		{1EBF1FDD-C285-40B0-B8BC-099BE96642F5}.Release|x86.ActiveCfg = Release|Any CPU
		{1EBF1FDD-C285-40B0-B8BC-099BE96642F5}.Release|x86.Build.0 = Release|Any CPU
	EndGlobalSection
	GlobalSection(SolutionProperties) = preSolution
		HideSolutionNode = FALSE
	EndGlobalSection
	GlobalSection(ExtensibilityGlobals) = postSolution
		SolutionGuid = {F8E8ACB3-50F4-4D6F-BE97-2679346BEE2C}
	EndGlobalSection
EndGlobal
